
Microsoft Visual Studio Solution File, Format Version 12.00
# Visual Studio Version 16
VisualStudioVersion = 16.0.30611.23
MinimumVisualStudioVersion = 10.0.40219.1
Project("{FAE04EC0-301F-11D3-BF4B-00C04F79EFBC}") = "Zegar analogowy", "Zegar analogowy\Zegar analogowy.csproj", "{96B901C2-3FF5-46A3-9821-1F4077847D4E}"
EndProject
Global
	GlobalSection(SolutionConfigurationPlatforms) = preSolution
		Debug|Any CPU = Debug|Any CPU
		Release|Any CPU = Release|Any CPU
	EndGlobalSection
	GlobalSection(ProjectConfigurationPlatforms) = postSolution
		{96B901C2-3FF5-46A3-9821-1F4077847D4E}.Debug|Any CPU.ActiveCfg = Debug|Any CPU
		{96B901C2-3FF5-46A3-9821-1F4077847D4E}.Debug|Any CPU.Build.0 = Debug|Any CPU
		{96B901C2-3FF5-46A3-9821-1F4077847D4E}.Release|Any CPU.ActiveCfg = Release|Any CPU
		{96B901C2-3FF5-46A3-9821-1F4077847D4E}.Release|Any CPU.Build.0 = Release|Any CPU
	EndGlobalSection
	GlobalSection(SolutionProperties) = preSolution
		HideSolutionNode = FALSE
	EndGlobalSection
	GlobalSection(ExtensibilityGlobals) = postSolution
		SolutionGuid = {D49B9994-2941-4170-9FD4-C4A3EA66A33E}
	EndGlobalSection
EndGlobal
